
Microsoft Visual Studio Solution File, Format Version 12.00
# Visual Studio Version 16
VisualStudioVersion = 16.0.31129.286
MinimumVisualStudioVersion = 10.0.40219.1
Project("{FAE04EC0-301F-11D3-BF4B-00C04F79EFBC}") = "SimpleDataAnalyse", "SimpleDataAnalyse\SimpleDataAnalyse.csproj", "{0F693713-BEF7-48B5-B84C-73DC2A956430}"
EndProject
Global
	GlobalSection(SolutionConfigurationPlatforms) = preSolution
		Debug|Any CPU = Debug|Any CPU
		Release|Any CPU = Release|Any CPU
	EndGlobalSection
	GlobalSection(ProjectConfigurationPlatforms) = postSolution
		{0F693713-BEF7-48B5-B84C-73DC2A956430}.Debug|Any CPU.ActiveCfg = Debug|Any CPU
		{0F693713-BEF7-48B5-B84C-73DC2A956430}.Debug|Any CPU.Build.0 = Debug|Any CPU
		{0F693713-BEF7-48B5-B84C-73DC2A956430}.Release|Any CPU.ActiveCfg = Release|Any CPU
		{0F693713-BEF7-48B5-B84C-73DC2A956430}.Release|Any CPU.Build.0 = Release|Any CPU
	EndGlobalSection
	GlobalSection(SolutionProperties) = preSolution
		HideSolutionNode = FALSE
	EndGlobalSection
	GlobalSection(ExtensibilityGlobals) = postSolution
		SolutionGuid = {E8D8B90F-E0FF-4EA6-ADCD-E1071F124D07}
	EndGlobalSection
EndGlobal
